
Microsoft Visual Studio Solution File, Format Version 12.00
# Visual Studio Version 17
VisualStudioVersion = 17.11.35327.3
MinimumVisualStudioVersion = 10.0.40219.1
Project("{9A19103F-16F7-4668-BE54-9A1E7A4F7556}") = "UI", "UI\UI.csproj", "{2A269777-11D9-4E6B-847D-DB2420AD07E3}"
EndProject
Project("{9A19103F-16F7-4668-BE54-9A1E7A4F7556}") = "ServiceLib", "ServiceLib\ServiceLib.csproj", "{37162E5C-5B21-4E0A-835E-5C0BFE4199EE}"
EndProject
Project("{9A19103F-16F7-4668-BE54-9A1E7A4F7556}") = "API", "API\API.csproj", "{75C51237-C335-45D6-8D89-38E0202D3B89}"
EndProject
Global
	GlobalSection(SolutionConfigurationPlatforms) = preSolution
		Debug|Any CPU = Debug|Any CPU
		Release|Any CPU = Release|Any CPU
	EndGlobalSection
	GlobalSection(ProjectConfigurationPlatforms) = postSolution
		{2A269777-11D9-4E6B-847D-DB2420AD07E3}.Debug|Any CPU.ActiveCfg = Debug|Any CPU
		{2A269777-11D9-4E6B-847D-DB2420AD07E3}.Debug|Any CPU.Build.0 = Debug|Any CPU
		{2A269777-11D9-4E6B-847D-DB2420AD07E3}.Release|Any CPU.ActiveCfg = Release|Any CPU
		{2A269777-11D9-4E6B-847D-DB2420AD07E3}.Release|Any CPU.Build.0 = Release|Any CPU
		{37162E5C-5B21-4E0A-835E-5C0BFE4199EE}.Debug|Any CPU.ActiveCfg = Debug|Any CPU
		{37162E5C-5B21-4E0A-835E-5C0BFE4199EE}.Debug|Any CPU.Build.0 = Debug|Any CPU
		{37162E5C-5B21-4E0A-835E-5C0BFE4199EE}.Release|Any CPU.ActiveCfg = Release|Any CPU
		{37162E5C-5B21-4E0A-835E-5C0BFE4199EE}.Release|Any CPU.Build.0 = Release|Any CPU
		{75C51237-C335-45D6-8D89-38E0202D3B89}.Debug|Any CPU.ActiveCfg = Debug|Any CPU
		{75C51237-C335-45D6-8D89-38E0202D3B89}.Debug|Any CPU.Build.0 = Debug|Any CPU
		{75C51237-C335-45D6-8D89-38E0202D3B89}.Release|Any CPU.ActiveCfg = Release|Any CPU
		{75C51237-C335-45D6-8D89-38E0202D3B89}.Release|Any CPU.Build.0 = Release|Any CPU
	EndGlobalSection
	GlobalSection(SolutionProperties) = preSolution
		HideSolutionNode = FALSE
	EndGlobalSection
	GlobalSection(ExtensibilityGlobals) = postSolution
		SolutionGuid = {3A02D5CA-5207-4AEC-BD43-6B82753E50AF}
	EndGlobalSection
EndGlobal
